
Microsoft Visual Studio Solution File, Format Version 12.00
# Visual Studio Version 17
VisualStudioVersion = 17.8.34330.188
MinimumVisualStudioVersion = 10.0.40219.1
Project("{FAE04EC0-301F-11D3-BF4B-00C04F79EFBC}") = "Kriptoloji", "Kriptoloji.csproj", "{27D4C0CB-3B55-4A11-8E18-AD47D80B0329}"
EndProject
Global
	GlobalSection(SolutionConfigurationPlatforms) = preSolution
		Debug|Any CPU = Debug|Any CPU
		Release|Any CPU = Release|Any CPU
	EndGlobalSection
	GlobalSection(ProjectConfigurationPlatforms) = postSolution
		{27D4C0CB-3B55-4A11-8E18-AD47D80B0329}.Debug|Any CPU.ActiveCfg = Debug|Any CPU
		{27D4C0CB-3B55-4A11-8E18-AD47D80B0329}.Debug|Any CPU.Build.0 = Debug|Any CPU
		{27D4C0CB-3B55-4A11-8E18-AD47D80B0329}.Release|Any CPU.ActiveCfg = Release|Any CPU
		{27D4C0CB-3B55-4A11-8E18-AD47D80B0329}.Release|Any CPU.Build.0 = Release|Any CPU
	EndGlobalSection
	GlobalSection(SolutionProperties) = preSolution
		HideSolutionNode = FALSE
	EndGlobalSection
	GlobalSection(ExtensibilityGlobals) = postSolution
		SolutionGuid = {B9F1A26E-5BF2-45BC-83C8-2C41A347B05D}
	EndGlobalSection
EndGlobal
